
Microsoft Visual Studio Solution File, Format Version 12.00
# Visual Studio Version 16
VisualStudioVersion = 16.0.28917.181
MinimumVisualStudioVersion = 10.0.40219.1
Project("{FAE04EC0-301F-11D3-BF4B-00C04F79EFBC}") = "WindowsFormsApp", "WindowsFormsApp\WindowsFormsApp.csproj", "{D8223435-835E-4ED4-8543-2A9E9C32849B}"
EndProject
Global
	GlobalSection(SolutionConfigurationPlatforms) = preSolution
		Debug|Any CPU = Debug|Any CPU
		Release|Any CPU = Release|Any CPU
	EndGlobalSection
	GlobalSection(ProjectConfigurationPlatforms) = postSolution
		{D8223435-835E-4ED4-8543-2A9E9C32849B}.Debug|Any CPU.ActiveCfg = Debug|Any CPU
		{D8223435-835E-4ED4-8543-2A9E9C32849B}.Debug|Any CPU.Build.0 = Debug|Any CPU
		{D8223435-835E-4ED4-8543-2A9E9C32849B}.Release|Any CPU.ActiveCfg = Release|Any CPU
		{D8223435-835E-4ED4-8543-2A9E9C32849B}.Release|Any CPU.Build.0 = Release|Any CPU
	EndGlobalSection
	GlobalSection(SolutionProperties) = preSolution
		HideSolutionNode = FALSE
	EndGlobalSection
	GlobalSection(ExtensibilityGlobals) = postSolution
		SolutionGuid = {DBCE5813-63D9-45AD-AF52-9314BF3CDCE8}
	EndGlobalSection
EndGlobal
