
Microsoft Visual Studio Solution File, Format Version 12.00
# Visual Studio Version 16
VisualStudioVersion = 16.0.28917.181
MinimumVisualStudioVersion = 10.0.40219.1
Project("{FAE04EC0-301F-11D3-BF4B-00C04F79EFBC}") = "IOCP", "IOCP\IOCP.csproj", "{88A5D3BE-D496-4DDF-84F7-8A3D7ED6B37A}"
EndProject
Global
	GlobalSection(SolutionConfigurationPlatforms) = preSolution
		Debug|Any CPU = Debug|Any CPU
		Release|Any CPU = Release|Any CPU
	EndGlobalSection
	GlobalSection(ProjectConfigurationPlatforms) = postSolution
		{88A5D3BE-D496-4DDF-84F7-8A3D7ED6B37A}.Debug|Any CPU.ActiveCfg = Debug|Any CPU
		{88A5D3BE-D496-4DDF-84F7-8A3D7ED6B37A}.Debug|Any CPU.Build.0 = Debug|Any CPU
		{88A5D3BE-D496-4DDF-84F7-8A3D7ED6B37A}.Release|Any CPU.ActiveCfg = Release|Any CPU
		{88A5D3BE-D496-4DDF-84F7-8A3D7ED6B37A}.Release|Any CPU.Build.0 = Release|Any CPU
	EndGlobalSection
	GlobalSection(SolutionProperties) = preSolution
		HideSolutionNode = FALSE
	EndGlobalSection
	GlobalSection(ExtensibilityGlobals) = postSolution
		SolutionGuid = {8F326678-D93A-481B-AB2F-594D19119FCD}
	EndGlobalSection
EndGlobal
