
Microsoft Visual Studio Solution File, Format Version 12.00
# Visual Studio Version 16
VisualStudioVersion = 16.0.28803.202
MinimumVisualStudioVersion = 10.0.40219.1
Project("{FAE04EC0-301F-11D3-BF4B-00C04F79EFBC}") = "DemoLib", "DemoLib\DemoLib.csproj", "{2CC76232-77CA-436C-866F-ABC3E4D3E6A2}"
EndProject
Global
	GlobalSection(SolutionConfigurationPlatforms) = preSolution
		Debug|Any CPU = Debug|Any CPU
		Release|Any CPU = Release|Any CPU
	EndGlobalSection
	GlobalSection(ProjectConfigurationPlatforms) = postSolution
		{2CC76232-77CA-436C-866F-ABC3E4D3E6A2}.Debug|Any CPU.ActiveCfg = Debug|Any CPU
		{2CC76232-77CA-436C-866F-ABC3E4D3E6A2}.Debug|Any CPU.Build.0 = Debug|Any CPU
		{2CC76232-77CA-436C-866F-ABC3E4D3E6A2}.Release|Any CPU.ActiveCfg = Release|Any CPU
		{2CC76232-77CA-436C-866F-ABC3E4D3E6A2}.Release|Any CPU.Build.0 = Release|Any CPU
	EndGlobalSection
	GlobalSection(SolutionProperties) = preSolution
		HideSolutionNode = FALSE
	EndGlobalSection
	GlobalSection(ExtensibilityGlobals) = postSolution
		SolutionGuid = {342400FE-D927-4062-8862-5C875D60FC9D}
	EndGlobalSection
EndGlobal
