
Microsoft Visual Studio Solution File, Format Version 12.00
# Visual Studio Version 16
VisualStudioVersion = 16.0.28803.202
MinimumVisualStudioVersion = 10.0.40219.1
Project("{FAE04EC0-301F-11D3-BF4B-00C04F79EFBC}") = "ClassLibrary", "ClassLibrary\ClassLibrary.csproj", "{A0729E64-3041-4D42-A283-5E3B931DF884}"
EndProject
Global
	GlobalSection(SolutionConfigurationPlatforms) = preSolution
		Debug|Any CPU = Debug|Any CPU
		Release|Any CPU = Release|Any CPU
	EndGlobalSection
	GlobalSection(ProjectConfigurationPlatforms) = postSolution
		{A0729E64-3041-4D42-A283-5E3B931DF884}.Debug|Any CPU.ActiveCfg = Debug|Any CPU
		{A0729E64-3041-4D42-A283-5E3B931DF884}.Debug|Any CPU.Build.0 = Debug|Any CPU
		{A0729E64-3041-4D42-A283-5E3B931DF884}.Release|Any CPU.ActiveCfg = Release|Any CPU
		{A0729E64-3041-4D42-A283-5E3B931DF884}.Release|Any CPU.Build.0 = Release|Any CPU
	EndGlobalSection
	GlobalSection(SolutionProperties) = preSolution
		HideSolutionNode = FALSE
	EndGlobalSection
	GlobalSection(ExtensibilityGlobals) = postSolution
		SolutionGuid = {FA8A4988-5B49-4EAD-9C26-2C3F7CDA5D31}
	EndGlobalSection
EndGlobal
