
Microsoft Visual Studio Solution File, Format Version 12.00
# Visual Studio Version 16
VisualStudioVersion = 16.0.28917.181
MinimumVisualStudioVersion = 10.0.40219.1
Project("{FAE04EC0-301F-11D3-BF4B-00C04F79EFBC}") = "Reflection", "Reflection\Reflection.csproj", "{95F2D32E-3254-4381-AEAB-8250F12BF4DC}"
EndProject
Global
	GlobalSection(SolutionConfigurationPlatforms) = preSolution
		Debug|Any CPU = Debug|Any CPU
		Release|Any CPU = Release|Any CPU
	EndGlobalSection
	GlobalSection(ProjectConfigurationPlatforms) = postSolution
		{95F2D32E-3254-4381-AEAB-8250F12BF4DC}.Debug|Any CPU.ActiveCfg = Debug|Any CPU
		{95F2D32E-3254-4381-AEAB-8250F12BF4DC}.Debug|Any CPU.Build.0 = Debug|Any CPU
		{95F2D32E-3254-4381-AEAB-8250F12BF4DC}.Release|Any CPU.ActiveCfg = Release|Any CPU
		{95F2D32E-3254-4381-AEAB-8250F12BF4DC}.Release|Any CPU.Build.0 = Release|Any CPU
	EndGlobalSection
	GlobalSection(SolutionProperties) = preSolution
		HideSolutionNode = FALSE
	EndGlobalSection
	GlobalSection(ExtensibilityGlobals) = postSolution
		SolutionGuid = {66FC1F0B-FCB6-4C83-8992-2D872982636A}
	EndGlobalSection
EndGlobal
